
Microsoft Visual Studio Solution File, Format Version 12.00
# Visual Studio Version 17
VisualStudioVersion = 17.9.34723.18
MinimumVisualStudioVersion = 10.0.40219.1
Project("{9A19103F-16F7-4668-BE54-9A1E7A4F7556}") = "ShoppingCartManagement", "ShoppingCartManagement.csproj", "{D56294B1-F444-4FBC-9D96-762A370D480A}"
EndProject
Project("{2150E333-8FDC-42A3-9474-1A3956D46DE8}") = "Domain", "Domain", "{DD04E861-7E3F-4F43-807D-30D42949CFA5}"
EndProject
Project("{2150E333-8FDC-42A3-9474-1A3956D46DE8}") = "Application", "Application", "{9149F9BB-3A0D-4DCD-A03B-853ACAAC3946}"
EndProject
Project("{2150E333-8FDC-42A3-9474-1A3956D46DE8}") = "Infrastructure", "Infrastructure", "{117BBAD2-448A-4F45-8D7D-B63F88A3DDDC}"
EndProject
Project("{2150E333-8FDC-42A3-9474-1A3956D46DE8}") = "WebAPI", "WebAPI", "{F42D339D-849A-4DF4-BFC9-1ABA101F17AD}"
EndProject
Project("{9A19103F-16F7-4668-BE54-9A1E7A4F7556}") = "Domain", "..\Domain\Domain.csproj", "{F04EE34C-DDEE-47E0-9DCC-83E56DEE0C53}"
EndProject
Project("{9A19103F-16F7-4668-BE54-9A1E7A4F7556}") = "Application", "..\Application\Application.csproj", "{A4B2935D-3AC4-442F-9057-E8B44E677C6B}"
EndProject
Project("{9A19103F-16F7-4668-BE54-9A1E7A4F7556}") = "Infrastructure", "..\Infrastructure\Infrastructure.csproj", "{7C1A4203-4481-4C3C-846D-E4B8E937BA91}"
EndProject
Project("{2150E333-8FDC-42A3-9474-1A3956D46DE8}") = "src", "src", "{DEBC04F2-6042-4FB7-9E45-D6C73E21EB8E}"
EndProject
Project("{2150E333-8FDC-42A3-9474-1A3956D46DE8}") = "tests", "tests", "{C7646C3E-EADE-4A2B-BABF-B86FBEDCFEE9}"
EndProject
Global
	GlobalSection(SolutionConfigurationPlatforms) = preSolution
		Debug|Any CPU = Debug|Any CPU
		Release|Any CPU = Release|Any CPU
	EndGlobalSection
	GlobalSection(ProjectConfigurationPlatforms) = postSolution
		{D56294B1-F444-4FBC-9D96-762A370D480A}.Debug|Any CPU.ActiveCfg = Debug|Any CPU
		{D56294B1-F444-4FBC-9D96-762A370D480A}.Debug|Any CPU.Build.0 = Debug|Any CPU
		{D56294B1-F444-4FBC-9D96-762A370D480A}.Release|Any CPU.ActiveCfg = Release|Any CPU
		{D56294B1-F444-4FBC-9D96-762A370D480A}.Release|Any CPU.Build.0 = Release|Any CPU
		{F04EE34C-DDEE-47E0-9DCC-83E56DEE0C53}.Debug|Any CPU.ActiveCfg = Debug|Any CPU
		{F04EE34C-DDEE-47E0-9DCC-83E56DEE0C53}.Debug|Any CPU.Build.0 = Debug|Any CPU
		{F04EE34C-DDEE-47E0-9DCC-83E56DEE0C53}.Release|Any CPU.ActiveCfg = Release|Any CPU
		{F04EE34C-DDEE-47E0-9DCC-83E56DEE0C53}.Release|Any CPU.Build.0 = Release|Any CPU
		{A4B2935D-3AC4-442F-9057-E8B44E677C6B}.Debug|Any CPU.ActiveCfg = Debug|Any CPU
		{A4B2935D-3AC4-442F-9057-E8B44E677C6B}.Debug|Any CPU.Build.0 = Debug|Any CPU
		{A4B2935D-3AC4-442F-9057-E8B44E677C6B}.Release|Any CPU.ActiveCfg = Release|Any CPU
		{A4B2935D-3AC4-442F-9057-E8B44E677C6B}.Release|Any CPU.Build.0 = Release|Any CPU
		{7C1A4203-4481-4C3C-846D-E4B8E937BA91}.Debug|Any CPU.ActiveCfg = Debug|Any CPU
		{7C1A4203-4481-4C3C-846D-E4B8E937BA91}.Debug|Any CPU.Build.0 = Debug|Any CPU
		{7C1A4203-4481-4C3C-846D-E4B8E937BA91}.Release|Any CPU.ActiveCfg = Release|Any CPU
		{7C1A4203-4481-4C3C-846D-E4B8E937BA91}.Release|Any CPU.Build.0 = Release|Any CPU
	EndGlobalSection
	GlobalSection(SolutionProperties) = preSolution
		HideSolutionNode = FALSE
	EndGlobalSection
	GlobalSection(NestedProjects) = preSolution
		{D56294B1-F444-4FBC-9D96-762A370D480A} = {F42D339D-849A-4DF4-BFC9-1ABA101F17AD}
		{DD04E861-7E3F-4F43-807D-30D42949CFA5} = {DEBC04F2-6042-4FB7-9E45-D6C73E21EB8E}
		{9149F9BB-3A0D-4DCD-A03B-853ACAAC3946} = {DEBC04F2-6042-4FB7-9E45-D6C73E21EB8E}
		{117BBAD2-448A-4F45-8D7D-B63F88A3DDDC} = {DEBC04F2-6042-4FB7-9E45-D6C73E21EB8E}
		{F42D339D-849A-4DF4-BFC9-1ABA101F17AD} = {DEBC04F2-6042-4FB7-9E45-D6C73E21EB8E}
		{F04EE34C-DDEE-47E0-9DCC-83E56DEE0C53} = {DD04E861-7E3F-4F43-807D-30D42949CFA5}
		{A4B2935D-3AC4-442F-9057-E8B44E677C6B} = {9149F9BB-3A0D-4DCD-A03B-853ACAAC3946}
		{7C1A4203-4481-4C3C-846D-E4B8E937BA91} = {117BBAD2-448A-4F45-8D7D-B63F88A3DDDC}
	EndGlobalSection
	GlobalSection(ExtensibilityGlobals) = postSolution
		SolutionGuid = {141E1BD0-EA0C-411A-9792-8AF36B7F3AA9}
	EndGlobalSection
EndGlobal
